
Microsoft Visual Studio Solution File, Format Version 12.00
# Visual Studio 15
VisualStudioVersion = 15.0.28010.2046
MinimumVisualStudioVersion = 10.0.40219.1
Project("{FAE04EC0-301F-11D3-BF4B-00C04F79EFBC}") = "BinaryTree", "BinaryTree\BinaryTree.csproj", "{03F93956-16EA-4F0D-B379-C9C8C7EE0A52}"
EndProject
Project("{FAE04EC0-301F-11D3-BF4B-00C04F79EFBC}") = "BinaryTreeTest", "BinaryTreeTest\BinaryTreeTest.csproj", "{70D4DCA7-D9E5-4A98-935C-571E11100D18}"
EndProject
Global
	GlobalSection(SolutionConfigurationPlatforms) = preSolution
		Debug|Any CPU = Debug|Any CPU
		Release|Any CPU = Release|Any CPU
	EndGlobalSection
	GlobalSection(ProjectConfigurationPlatforms) = postSolution
		{03F93956-16EA-4F0D-B379-C9C8C7EE0A52}.Debug|Any CPU.ActiveCfg = Debug|Any CPU
		{03F93956-16EA-4F0D-B379-C9C8C7EE0A52}.Debug|Any CPU.Build.0 = Debug|Any CPU
		{03F93956-16EA-4F0D-B379-C9C8C7EE0A52}.Release|Any CPU.ActiveCfg = Release|Any CPU
		{03F93956-16EA-4F0D-B379-C9C8C7EE0A52}.Release|Any CPU.Build.0 = Release|Any CPU
		{70D4DCA7-D9E5-4A98-935C-571E11100D18}.Debug|Any CPU.ActiveCfg = Debug|Any CPU
		{70D4DCA7-D9E5-4A98-935C-571E11100D18}.Debug|Any CPU.Build.0 = Debug|Any CPU
		{70D4DCA7-D9E5-4A98-935C-571E11100D18}.Release|Any CPU.ActiveCfg = Release|Any CPU
		{70D4DCA7-D9E5-4A98-935C-571E11100D18}.Release|Any CPU.Build.0 = Release|Any CPU
	EndGlobalSection
	GlobalSection(SolutionProperties) = preSolution
		HideSolutionNode = FALSE
	EndGlobalSection
	GlobalSection(ExtensibilityGlobals) = postSolution
		SolutionGuid = {416D11E7-5972-4BA0-8E21-F6CF06B13DB4}
	EndGlobalSection
EndGlobal
